
Microsoft Visual Studio Solution File, Format Version 12.00
# Visual Studio Version 17
VisualStudioVersion = 17.10.34916.146
MinimumVisualStudioVersion = 10.0.40219.1
Project("{FAE04EC0-301F-11D3-BF4B-00C04F79EFBC}") = "HW_SP_9.4.1", "HW_SP_9.4.1.csproj", "{684AF136-CF75-445B-A175-D983A3B5042B}"
EndProject
Global
	GlobalSection(SolutionConfigurationPlatforms) = preSolution
		Debug|Any CPU = Debug|Any CPU
		Release|Any CPU = Release|Any CPU
	EndGlobalSection
	GlobalSection(ProjectConfigurationPlatforms) = postSolution
		{684AF136-CF75-445B-A175-D983A3B5042B}.Debug|Any CPU.ActiveCfg = Debug|Any CPU
		{684AF136-CF75-445B-A175-D983A3B5042B}.Debug|Any CPU.Build.0 = Debug|Any CPU
		{684AF136-CF75-445B-A175-D983A3B5042B}.Release|Any CPU.ActiveCfg = Release|Any CPU
		{684AF136-CF75-445B-A175-D983A3B5042B}.Release|Any CPU.Build.0 = Release|Any CPU
	EndGlobalSection
	GlobalSection(SolutionProperties) = preSolution
		HideSolutionNode = FALSE
	EndGlobalSection
	GlobalSection(ExtensibilityGlobals) = postSolution
		SolutionGuid = {F3197B11-555B-49D0-98BD-1014490D3F81}
	EndGlobalSection
EndGlobal
